// !$*UTF8*$!
{
	archiveVersion = 1;
	classes = {
	};
	objectVersion = 56;
	objects = {

/* Begin PBXBuildFile section */
		BBB2D4C72A4032AD000D2E46 /* InitialView.swift in Sources */ = {isa = PBXBuildFile; fileRef = BBB2D4C62A4032AD000D2E46 /* InitialView.swift */; };
		BBB2D4C92A405B43000D2E46 /* MainView.swift in Sources */ = {isa = PBXBuildFile; fileRef = BBB2D4C82A405B43000D2E46 /* MainView.swift */; };
		BBB2D4CC2A405D7A000D2E46 /* LocationManager.swift in Sources */ = {isa = PBXBuildFile; fileRef = BBB2D4CB2A405D7A000D2E46 /* LocationManager.swift */; };
		BBCA6A102A3C7FFE00C55477 /* WeatherAppApp.swift in Sources */ = {isa = PBXBuildFile; fileRef = BBCA6A0F2A3C7FFE00C55477 /* WeatherAppApp.swift */; };
		BBCA6A122A3C7FFE00C55477 /* ContentView.swift in Sources */ = {isa = PBXBuildFile; fileRef = BBCA6A112A3C7FFE00C55477 /* ContentView.swift */; };
		BBCA6A142A3C800000C55477 /* Assets.xcassets in Resources */ = {isa = PBXBuildFile; fileRef = BBCA6A132A3C800000C55477 /* Assets.xcassets */; };
		BBCA6A172A3C800000C55477 /* Preview Assets.xcassets in Resources */ = {isa = PBXBuildFile; fileRef = BBCA6A162A3C800000C55477 /* Preview Assets.xcassets */; };
		BBCA6A212A3C800000C55477 /* WeatherAppTests.swift in Sources */ = {isa = PBXBuildFile; fileRef = BBCA6A202A3C800000C55477 /* WeatherAppTests.swift */; };
		BBCA6A2B2A3C800000C55477 /* WeatherAppUITests.swift in Sources */ = {isa = PBXBuildFile; fileRef = BBCA6A2A2A3C800000C55477 /* WeatherAppUITests.swift */; };
		BBCA6A2D2A3C800000C55477 /* WeatherAppUITestsLaunchTests.swift in Sources */ = {isa = PBXBuildFile; fileRef = BBCA6A2C2A3C800000C55477 /* WeatherAppUITestsLaunchTests.swift */; };
/* End PBXBuildFile section */

/* Begin PBXContainerItemProxy section */
		BBCA6A1D2A3C800000C55477 /* PBXContainerItemProxy */ = {
			isa = PBXContainerItemProxy;
			containerPortal = BBCA6A042A3C7FFE00C55477 /* Project object */;
			proxyType = 1;
			remoteGlobalIDString = BBCA6A0B2A3C7FFE00C55477;
			remoteInfo = WeatherApp;
		};
		BBCA6A272A3C800000C55477 /* PBXContainerItemProxy */ = {
			isa = PBXContainerItemProxy;
			containerPortal = BBCA6A042A3C7FFE00C55477 /* Project object */;
			proxyType = 1;
			remoteGlobalIDString = BBCA6A0B2A3C7FFE00C55477;
			remoteInfo = WeatherApp;
		};
/* End PBXContainerItemProxy section */

/* Begin PBXFileReference section */
		BBB2D4C62A4032AD000D2E46 /* InitialView.swift */ = {isa = PBXFileReference; lastKnownFileType = sourcecode.swift; path = InitialView.swift; sourceTree = "<group>"; };
		BBB2D4C82A405B43000D2E46 /* MainView.swift */ = {isa = PBXFileReference; lastKnownFileType = sourcecode.swift; path = MainView.swift; sourceTree = "<group>"; };
		BBB2D4CB2A405D7A000D2E46 /* LocationManager.swift */ = {isa = PBXFileReference; lastKnownFileType = sourcecode.swift; path = LocationManager.swift; sourceTree = "<group>"; };
		BBCA6A0C2A3C7FFE00C55477 /* WeatherApp.app */ = {isa = PBXFileReference; explicitFileType = wrapper.application; includeInIndex = 0; path = WeatherApp.app; sourceTree = BUILT_PRODUCTS_DIR; };
		BBCA6A0F2A3C7FFE00C55477 /* WeatherAppApp.swift */ = {isa = PBXFileReference; lastKnownFileType = sourcecode.swift; path = WeatherAppApp.swift; sourceTree = "<group>"; };
		BBCA6A112A3C7FFE00C55477 /* ContentView.swift */ = {isa = PBXFileReference; lastKnownFileType = sourcecode.swift; path = ContentView.swift; sourceTree = "<group>"; };
		BBCA6A132A3C800000C55477 /* Assets.xcassets */ = {isa = PBXFileReference; lastKnownFileType = folder.assetcatalog; path = Assets.xcassets; sourceTree = "<group>"; };
		BBCA6A162A3C800000C55477 /* Preview Assets.xcassets */ = {isa = PBXFileReference; lastKnownFileType = folder.assetcatalog; path = "Preview Assets.xcassets"; sourceTree = "<group>"; };
		BBCA6A1C2A3C800000C55477 /* WeatherAppTests.xctest */ = {isa = PBXFileReference; explicitFileType = wrapper.cfbundle; includeInIndex = 0; path = WeatherAppTests.xctest; sourceTree = BUILT_PRODUCTS_DIR; };
		BBCA6A202A3C800000C55477 /* WeatherAppTests.swift */ = {isa = PBXFileReference; lastKnownFileType = sourcecode.swift; path = WeatherAppTests.swift; sourceTree = "<group>"; };
		BBCA6A262A3C800000C55477 /* WeatherAppUITests.xctest */ = {isa = PBXFileReference; explicitFileType = wrapper.cfbundle; includeInIndex = 0; path = WeatherAppUITests.xctest; sourceTree = BUILT_PRODUCTS_DIR; };
		BBCA6A2A2A3C800000C55477 /* WeatherAppUITests.swift */ = {isa = PBXFileReference; lastKnownFileType = sourcecode.swift; path = WeatherAppUITests.swift; sourceTree = "<group>"; };
		BBCA6A2C2A3C800000C55477 /* WeatherAppUITestsLaunchTests.swift */ = {isa = PBXFileReference; lastKnownFileType = sourcecode.swift; path = WeatherAppUITestsLaunchTests.swift; sourceTree = "<group>"; };
/* End PBXFileReference section */

/* Begin PBXFrameworksBuildPhase section */
		BBCA6A092A3C7FFE00C55477 /* Frameworks */ = {
			isa = PBXFrameworksBuildPhase;
			buildActionMask = 2147483647;
			files = (
			);
			runOnlyForDeploymentPostprocessing = 0;
		};
		BBCA6A192A3C800000C55477 /* Frameworks */ = {
			isa = PBXFrameworksBuildPhase;
			buildActionMask = 2147483647;
			files = (
			);
			runOnlyForDeploymentPostprocessing = 0;
		};
		BBCA6A232A3C800000C55477 /* Frameworks */ = {
			isa = PBXFrameworksBuildPhase;
			buildActionMask = 2147483647;
			files = (
			);
			runOnlyForDeploymentPostprocessing = 0;
		};
/* End PBXFrameworksBuildPhase section */

/* Begin PBXGroup section */
		BBB2D4C32A403078000D2E46 /* Model */ = {
			isa = PBXGroup;
			children = (
			);
			path = Model;
			sourceTree = "<group>";
		};
		BBB2D4C42A403081000D2E46 /* View */ = {
			isa = PBXGroup;
			children = (
				BBCA6A112A3C7FFE00C55477 /* ContentView.swift */,
				BBB2D4C62A4032AD000D2E46 /* InitialView.swift */,
				BBB2D4C82A405B43000D2E46 /* MainView.swift */,
			);
			path = View;
			sourceTree = "<group>";
		};
		BBB2D4C52A40308A000D2E46 /* ViewModel */ = {
			isa = PBXGroup;
			children = (
			);
			path = ViewModel;
			sourceTree = "<group>";
		};
		BBB2D4CA2A405D4A000D2E46 /* Helper */ = {
			isa = PBXGroup;
			children = (
				BBB2D4CB2A405D7A000D2E46 /* LocationManager.swift */,
			);
			path = Helper;
			sourceTree = "<group>";
		};
		BBCA6A032A3C7FFE00C55477 = {
			isa = PBXGroup;
			children = (
				BBCA6A0E2A3C7FFE00C55477 /* WeatherApp */,
				BBCA6A1F2A3C800000C55477 /* WeatherAppTests */,
				BBCA6A292A3C800000C55477 /* WeatherAppUITests */,
				BBCA6A0D2A3C7FFE00C55477 /* Products */,
			);
			sourceTree = "<group>";
		};
		BBCA6A0D2A3C7FFE00C55477 /* Products */ = {
			isa = PBXGroup;
			children = (
				BBCA6A0C2A3C7FFE00C55477 /* WeatherApp.app */,
				BBCA6A1C2A3C800000C55477 /* WeatherAppTests.xctest */,
				BBCA6A262A3C800000C55477 /* WeatherAppUITests.xctest */,
			);
			name = Products;
			sourceTree = "<group>";
		};
		BBCA6A0E2A3C7FFE00C55477 /* WeatherApp */ = {
			isa = PBXGroup;
			children = (
				BBB2D4CA2A405D4A000D2E46 /* Helper */,
				BBB2D4C52A40308A000D2E46 /* ViewModel */,
				BBB2D4C42A403081000D2E46 /* View */,
				BBB2D4C32A403078000D2E46 /* Model */,
				BBCA6A0F2A3C7FFE00C55477 /* WeatherAppApp.swift */,
				BBCA6A132A3C800000C55477 /* Assets.xcassets */,
				BBCA6A152A3C800000C55477 /* Preview Content */,
			);
			path = WeatherApp;
			sourceTree = "<group>";
		};
		BBCA6A152A3C800000C55477 /* Preview Content */ = {
			isa = PBXGroup;
			children = (
				BBCA6A162A3C800000C55477 /* Preview Assets.xcassets */,
			);
			path = "Preview Content";
			sourceTree = "<group>";
		};
		BBCA6A1F2A3C800000C55477 /* WeatherAppTests */ = {
			isa = PBXGroup;
			children = (
				BBCA6A202A3C800000C55477 /* WeatherAppTests.swift */,
			);
			path = WeatherAppTests;
			sourceTree = "<group>";
		};
		BBCA6A292A3C800000C55477 /* WeatherAppUITests */ = {
			isa = PBXGroup;
			children = (
				BBCA6A2A2A3C800000C55477 /* WeatherAppUITests.swift */,
				BBCA6A2C2A3C800000C55477 /* WeatherAppUITestsLaunchTests.swift */,
			);
			path = WeatherAppUITests;
			sourceTree = "<group>";
		};
/* End PBXGroup section */

/* Begin PBXNativeTarget section */
		BBCA6A0B2A3C7FFE00C55477 /* WeatherApp */ = {
			isa = PBXNativeTarget;
			buildConfigurationList = BBCA6A302A3C800000C55477 /* Build configuration list for PBXNativeTarget "WeatherApp" */;
			buildPhases = (
				BBCA6A082A3C7FFE00C55477 /* Sources */,
				BBCA6A092A3C7FFE00C55477 /* Frameworks */,
				BBCA6A0A2A3C7FFE00C55477 /* Resources */,
			);
			buildRules = (
			);
			dependencies = (
			);
			name = WeatherApp;
			productName = WeatherApp;
			productReference = BBCA6A0C2A3C7FFE00C55477 /* WeatherApp.app */;
			productType = "com.apple.product-type.application";
		};
		BBCA6A1B2A3C800000C55477 /* WeatherAppTests */ = {
			isa = PBXNativeTarget;
			buildConfigurationList = BBCA6A332A3C800000C55477 /* Build configuration list for PBXNativeTarget "WeatherAppTests" */;
			buildPhases = (
				BBCA6A182A3C800000C55477 /* Sources */,
				BBCA6A192A3C800000C55477 /* Frameworks */,
				BBCA6A1A2A3C800000C55477 /* Resources */,
			);
			buildRules = (
			);
			dependencies = (
				BBCA6A1E2A3C800000C55477 /* PBXTargetDependency */,
			);
			name = WeatherAppTests;
			productName = WeatherAppTests;
			productReference = BBCA6A1C2A3C800000C55477 /* WeatherAppTests.xctest */;
			productType = "com.apple.product-type.bundle.unit-test";
		};
		BBCA6A252A3C800000C55477 /* WeatherAppUITests */ = {
			isa = PBXNativeTarget;
			buildConfigurationList = BBCA6A362A3C800000C55477 /* Build configuration list for PBXNativeTarget "WeatherAppUITests" */;
			buildPhases = (
				BBCA6A222A3C800000C55477 /* Sources */,
				BBCA6A232A3C800000C55477 /* Frameworks */,
				BBCA6A242A3C800000C55477 /* Resources */,
			);
			buildRules = (
			);
			dependencies = (
				BBCA6A282A3C800000C55477 /* PBXTargetDependency */,
			);
			name = WeatherAppUITests;
			productName = WeatherAppUITests;
			productReference = BBCA6A262A3C800000C55477 /* WeatherAppUITests.xctest */;
			productType = "com.apple.product-type.bundle.ui-testing";
		};
/* End PBXNativeTarget section */

/* Begin PBXProject section */
		BBCA6A042A3C7FFE00C55477 /* Project object */ = {
			isa = PBXProject;
			attributes = {
				BuildIndependentTargetsInParallel = 1;
				LastSwiftUpdateCheck = 1430;
				LastUpgradeCheck = 1430;
				TargetAttributes = {
					BBCA6A0B2A3C7FFE00C55477 = {
						CreatedOnToolsVersion = 14.3;
					};
					BBCA6A1B2A3C800000C55477 = {
						CreatedOnToolsVersion = 14.3;
						TestTargetID = BBCA6A0B2A3C7FFE00C55477;
					};
					BBCA6A252A3C800000C55477 = {
						CreatedOnToolsVersion = 14.3;
						TestTargetID = BBCA6A0B2A3C7FFE00C55477;
					};
				};
			};
			buildConfigurationList = BBCA6A072A3C7FFE00C55477 /* Build configuration list for PBXProject "WeatherApp" */;
			compatibilityVersion = "Xcode 14.0";
			developmentRegion = en;
			hasScannedForEncodings = 0;
			knownRegions = (
				en,
				Base,
			);
			mainGroup = BBCA6A032A3C7FFE00C55477;
			productRefGroup = BBCA6A0D2A3C7FFE00C55477 /* Products */;
			projectDirPath = "";
			projectRoot = "";
			targets = (
				BBCA6A0B2A3C7FFE00C55477 /* WeatherApp */,
				BBCA6A1B2A3C800000C55477 /* WeatherAppTests */,
				BBCA6A252A3C800000C55477 /* WeatherAppUITests */,
			);
		};
/* End PBXProject section */

/* Begin PBXResourcesBuildPhase section */
		BBCA6A0A2A3C7FFE00C55477 /* Resources */ = {
			isa = PBXResourcesBuildPhase;
			buildActionMask = 2147483647;
			files = (
				BBCA6A172A3C800000C55477 /* Preview Assets.xcassets in Resources */,
				BBCA6A142A3C800000C55477 /* Assets.xcassets in Resources */,
			);
			runOnlyForDeploymentPostprocessing = 0;
		};
		BBCA6A1A2A3C800000C55477 /* Resources */ = {
			isa = PBXResourcesBuildPhase;
			buildActionMask = 2147483647;
			files = (
			);
			runOnlyForDeploymentPostprocessing = 0;
		};
		BBCA6A242A3C800000C55477 /* Resources */ = {
			isa = PBXResourcesBuildPhase;
			buildActionMask = 2147483647;
			files = (
			);
			runOnlyForDeploymentPostprocessing = 0;
		};
/* End PBXResourcesBuildPhase section */

/* Begin PBXSourcesBuildPhase section */
		BBCA6A082A3C7FFE00C55477 /* Sources */ = {
			isa = PBXSourcesBuildPhase;
			buildActionMask = 2147483647;
			files = (
				BBB2D4C72A4032AD000D2E46 /* InitialView.swift in Sources */,
				BBB2D4C92A405B43000D2E46 /* MainView.swift in Sources */,
				BBB2D4CC2A405D7A000D2E46 /* LocationManager.swift in Sources */,
				BBCA6A122A3C7FFE00C55477 /* ContentView.swift in Sources */,
				BBCA6A102A3C7FFE00C55477 /* WeatherAppApp.swift in Sources */,
			);
			runOnlyForDeploymentPostprocessing = 0;
		};
		BBCA6A182A3C800000C55477 /* Sources */ = {
			isa = PBXSourcesBuildPhase;
			buildActionMask = 2147483647;
			files = (
				BBCA6A212A3C800000C55477 /* WeatherAppTests.swift in Sources */,
			);
			runOnlyForDeploymentPostprocessing = 0;
		};
		BBCA6A222A3C800000C55477 /* Sources */ = {
			isa = PBXSourcesBuildPhase;
			buildActionMask = 2147483647;
			files = (
				BBCA6A2B2A3C800000C55477 /* WeatherAppUITests.swift in Sources */,
				BBCA6A2D2A3C800000C55477 /* WeatherAppUITestsLaunchTests.swift in Sources */,
			);
			runOnlyForDeploymentPostprocessing = 0;
		};
/* End PBXSourcesBuildPhase section */

/* Begin PBXTargetDependency section */
		BBCA6A1E2A3C800000C55477 /* PBXTargetDependency */ = {
			isa = PBXTargetDependency;
			target = BBCA6A0B2A3C7FFE00C55477 /* WeatherApp */;
			targetProxy = BBCA6A1D2A3C800000C55477 /* PBXContainerItemProxy */;
		};
		BBCA6A282A3C800000C55477 /* PBXTargetDependency */ = {
			isa = PBXTargetDependency;
			target = BBCA6A0B2A3C7FFE00C55477 /* WeatherApp */;
			targetProxy = BBCA6A272A3C800000C55477 /* PBXContainerItemProxy */;
		};
/* End PBXTargetDependency section */

/* Begin XCBuildConfiguration section */
		BBCA6A2E2A3C800000C55477 /* Debug */ = {
			isa = XCBuildConfiguration;
			buildSettings = {
				ALWAYS_SEARCH_USER_PATHS = NO;
				CLANG_ANALYZER_NONNULL = YES;
				CLANG_ANALYZER_NUMBER_OBJECT_CONVERSION = YES_AGGRESSIVE;
				CLANG_CXX_LANGUAGE_STANDARD = "gnu++20";
				CLANG_ENABLE_MODULES = YES;
				CLANG_ENABLE_OBJC_ARC = YES;
				CLANG_ENABLE_OBJC_WEAK = YES;
				CLANG_WARN_BLOCK_CAPTURE_AUTORELEASING = YES;
				CLANG_WARN_BOOL_CONVERSION = YES;
				CLANG_WARN_COMMA = YES;
				CLANG_WARN_CONSTANT_CONVERSION = YES;
				CLANG_WARN_DEPRECATED_OBJC_IMPLEMENTATIONS = YES;
				CLANG_WARN_DIRECT_OBJC_ISA_USAGE = YES_ERROR;
				CLANG_WARN_DOCUMENTATION_COMMENTS = YES;
				CLANG_WARN_EMPTY_BODY = YES;
				CLANG_WARN_ENUM_CONVERSION = YES;
				CLANG_WARN_INFINITE_RECURSION = YES;
				CLANG_WARN_INT_CONVERSION = YES;
				CLANG_WARN_NON_LITERAL_NULL_CONVERSION = YES;
				CLANG_WARN_OBJC_IMPLICIT_RETAIN_SELF = YES;
				CLANG_WARN_OBJC_LITERAL_CONVERSION = YES;
				CLANG_WARN_OBJC_ROOT_CLASS = YES_ERROR;
				CLANG_WARN_QUOTED_INCLUDE_IN_FRAMEWORK_HEADER = YES;
				CLANG_WARN_RANGE_LOOP_ANALYSIS = YES;
				CLANG_WARN_STRICT_PROTOTYPES = YES;
				CLANG_WARN_SUSPICIOUS_MOVE = YES;
				CLANG_WARN_UNGUARDED_AVAILABILITY = YES_AGGRESSIVE;
				CLANG_WARN_UNREACHABLE_CODE = YES;
				CLANG_WARN__DUPLICATE_METHOD_MATCH = YES;
				COPY_PHASE_STRIP = NO;
				DEBUG_INFORMATION_FORMAT = dwarf;
				ENABLE_STRICT_OBJC_MSGSEND = YES;
				ENABLE_TESTABILITY = YES;
				GCC_C_LANGUAGE_STANDARD = gnu11;
				GCC_DYNAMIC_NO_PIC = NO;
				GCC_NO_COMMON_BLOCKS = YES;
				GCC_OPTIMIZATION_LEVEL = 0;
				GCC_PREPROCESSOR_DEFINITIONS = (
					"DEBUG=1",
					"$(inherited)",
				);
				GCC_WARN_64_TO_32_BIT_CONVERSION = YES;
				GCC_WARN_ABOUT_RETURN_TYPE = YES_ERROR;
				GCC_WARN_UNDECLARED_SELECTOR = YES;
				GCC_WARN_UNINITIALIZED_AUTOS = YES_AGGRESSIVE;
				GCC_WARN_UNUSED_FUNCTION = YES;
				GCC_WARN_UNUSED_VARIABLE = YES;
				IPHONEOS_DEPLOYMENT_TARGET = 16.4;
				MTL_ENABLE_DEBUG_INFO = INCLUDE_SOURCE;
				MTL_FAST_MATH = YES;
				ONLY_ACTIVE_ARCH = YES;
				SDKROOT = iphoneos;
				SWIFT_ACTIVE_COMPILATION_CONDITIONS = DEBUG;
				SWIFT_OPTIMIZATION_LEVEL = "-Onone";
			};
			name = Debug;
		};
		BBCA6A2F2A3C800000C55477 /* Release */ = {
			isa = XCBuildConfiguration;
			buildSettings = {
				ALWAYS_SEARCH_USER_PATHS = NO;
				CLANG_ANALYZER_NONNULL = YES;
				CLANG_ANALYZER_NUMBER_OBJECT_CONVERSION = YES_AGGRESSIVE;
				CLANG_CXX_LANGUAGE_STANDARD = "gnu++20";
				CLANG_ENABLE_MODULES = YES;
				CLANG_ENABLE_OBJC_ARC = YES;
				CLANG_ENABLE_OBJC_WEAK = YES;
				CLANG_WARN_BLOCK_CAPTURE_AUTORELEASING = YES;
				CLANG_WARN_BOOL_CONVERSION = YES;
				CLANG_WARN_COMMA = YES;
				CLANG_WARN_CONSTANT_CONVERSION = YES;
				CLANG_WARN_DEPRECATED_OBJC_IMPLEMENTATIONS = YES;
				CLANG_WARN_DIRECT_OBJC_ISA_USAGE = YES_ERROR;
				CLANG_WARN_DOCUMENTATION_COMMENTS = YES;
				CLANG_WARN_EMPTY_BODY = YES;
				CLANG_WARN_ENUM_CONVERSION = YES;
				CLANG_WARN_INFINITE_RECURSION = YES;
				CLANG_WARN_INT_CONVERSION = YES;
				CLANG_WARN_NON_LITERAL_NULL_CONVERSION = YES;
				CLANG_WARN_OBJC_IMPLICIT_RETAIN_SELF = YES;
				CLANG_WARN_OBJC_LITERAL_CONVERSION = YES;
				CLANG_WARN_OBJC_ROOT_CLASS = YES_ERROR;
				CLANG_WARN_QUOTED_INCLUDE_IN_FRAMEWORK_HEADER = YES;
				CLANG_WARN_RANGE_LOOP_ANALYSIS = YES;
				CLANG_WARN_STRICT_PROTOTYPES = YES;
				CLANG_WARN_SUSPICIOUS_MOVE = YES;
				CLANG_WARN_UNGUARDED_AVAILABILITY = YES_AGGRESSIVE;
				CLANG_WARN_UNREACHABLE_CODE = YES;
				CLANG_WARN__DUPLICATE_METHOD_MATCH = YES;
				COPY_PHASE_STRIP = NO;
				DEBUG_INFORMATION_FORMAT = "dwarf-with-dsym";
				ENABLE_NS_ASSERTIONS = NO;
				ENABLE_STRICT_OBJC_MSGSEND = YES;
				GCC_C_LANGUAGE_STANDARD = gnu11;
				GCC_NO_COMMON_BLOCKS = YES;
				GCC_WARN_64_TO_32_BIT_CONVERSION = YES;
				GCC_WARN_ABOUT_RETURN_TYPE = YES_ERROR;
				GCC_WARN_UNDECLARED_SELECTOR = YES;
				GCC_WARN_UNINITIALIZED_AUTOS = YES_AGGRESSIVE;
				GCC_WARN_UNUSED_FUNCTION = YES;
				GCC_WARN_UNUSED_VARIABLE = YES;
				IPHONEOS_DEPLOYMENT_TARGET = 16.4;
				MTL_ENABLE_DEBUG_INFO = NO;
				MTL_FAST_MATH = YES;
				SDKROOT = iphoneos;
				SWIFT_COMPILATION_MODE = wholemodule;
				SWIFT_OPTIMIZATION_LEVEL = "-O";
				VALIDATE_PRODUCT = YES;
			};
			name = Release;
		};
		BBCA6A312A3C800000C55477 /* Debug */ = {
			isa = XCBuildConfiguration;
			buildSettings = {
				ASSETCATALOG_COMPILER_APPICON_NAME = AppIcon;
				ASSETCATALOG_COMPILER_GLOBAL_ACCENT_COLOR_NAME = AccentColor;
				CODE_SIGN_STYLE = Automatic;
				CURRENT_PROJECT_VERSION = 1;
				DEVELOPMENT_ASSET_PATHS = "\"WeatherApp/Preview Content\"";
				ENABLE_PREVIEWS = YES;
				GENERATE_INFOPLIST_FILE = YES;
				INFOPLIST_KEY_NSLocationAlwaysAndWhenInUseUsageDescription = Yes;
				INFOPLIST_KEY_NSLocationAlwaysUsageDescription = Yes;
				INFOPLIST_KEY_NSLocationWhenInUseUsageDescription = Yes;
				INFOPLIST_KEY_UIApplicationSceneManifest_Generation = YES;
				INFOPLIST_KEY_UIApplicationSupportsIndirectInputEvents = YES;
				INFOPLIST_KEY_UILaunchScreen_Generation = YES;
				INFOPLIST_KEY_UISupportedInterfaceOrientations_iPad = "UIInterfaceOrientationPortrait UIInterfaceOrientationPortraitUpsideDown UIInterfaceOrientationLandscapeLeft UIInterfaceOrientationLandscapeRight";
				INFOPLIST_KEY_UISupportedInterfaceOrientations_iPhone = "UIInterfaceOrientationPortrait UIInterfaceOrientationLandscapeLeft UIInterfaceOrientationLandscapeRight";
				LD_RUNPATH_SEARCH_PATHS = (
					"$(inherited)",
					"@executable_path/Frameworks",
				);
				MARKETING_VERSION = 1.0;
				PRODUCT_BUNDLE_IDENTIFIER = com.WeatherApp;
				PRODUCT_NAME = "$(TARGET_NAME)";
				SWIFT_EMIT_LOC_STRINGS = YES;
				SWIFT_VERSION = 5.0;
				TARGETED_DEVICE_FAMILY = "1,2";
			};
			name = Debug;
		};
		BBCA6A322A3C800000C55477 /* Release */ = {
			isa = XCBuildConfiguration;
			buildSettings = {
				ASSETCATALOG_COMPILER_APPICON_NAME = AppIcon;
				ASSETCATALOG_COMPILER_GLOBAL_ACCENT_COLOR_NAME = AccentColor;
				CODE_SIGN_STYLE = Automatic;
				CURRENT_PROJECT_VERSION = 1;
				DEVELOPMENT_ASSET_PATHS = "\"WeatherApp/Preview Content\"";
				ENABLE_PREVIEWS = YES;
				GENERATE_INFOPLIST_FILE = YES;
				INFOPLIST_KEY_NSLocationAlwaysAndWhenInUseUsageDescription = Yes;
				INFOPLIST_KEY_NSLocationAlwaysUsageDescription = Yes;
				INFOPLIST_KEY_NSLocationWhenInUseUsageDescription = Yes;
				INFOPLIST_KEY_UIApplicationSceneManifest_Generation = YES;
				INFOPLIST_KEY_UIApplicationSupportsIndirectInputEvents = YES;
				INFOPLIST_KEY_UILaunchScreen_Generation = YES;
				INFOPLIST_KEY_UISupportedInterfaceOrientations_iPad = "UIInterfaceOrientationPortrait UIInterfaceOrientationPortraitUpsideDown UIInterfaceOrientationLandscapeLeft UIInterfaceOrientationLandscapeRight";
				INFOPLIST_KEY_UISupportedInterfaceOrientations_iPhone = "UIInterfaceOrientationPortrait UIInterfaceOrientationLandscapeLeft UIInterfaceOrientationLandscapeRight";
				LD_RUNPATH_SEARCH_PATHS = (
					"$(inherited)",
					"@executable_path/Frameworks",
				);
				MARKETING_VERSION = 1.0;
				PRODUCT_BUNDLE_IDENTIFIER = com.WeatherApp;
				PRODUCT_NAME = "$(TARGET_NAME)";
				SWIFT_EMIT_LOC_STRINGS = YES;
				SWIFT_VERSION = 5.0;
				TARGETED_DEVICE_FAMILY = "1,2";
			};
			name = Release;
		};
		BBCA6A342A3C800000C55477 /* Debug */ = {
			isa = XCBuildConfiguration;
			buildSettings = {
				ALWAYS_EMBED_SWIFT_STANDARD_LIBRARIES = YES;
				BUNDLE_LOADER = "$(TEST_HOST)";
				CODE_SIGN_STYLE = Automatic;
				CURRENT_PROJECT_VERSION = 1;
				GENERATE_INFOPLIST_FILE = YES;
				IPHONEOS_DEPLOYMENT_TARGET = 16.4;
				MARKETING_VERSION = 1.0;
				PRODUCT_BUNDLE_IDENTIFIER = com.WeatherAppTests;
				PRODUCT_NAME = "$(TARGET_NAME)";
				SWIFT_EMIT_LOC_STRINGS = NO;
				SWIFT_VERSION = 5.0;
				TARGETED_DEVICE_FAMILY = "1,2";
				TEST_HOST = "$(BUILT_PRODUCTS_DIR)/WeatherApp.app/$(BUNDLE_EXECUTABLE_FOLDER_PATH)/WeatherApp";
			};
			name = Debug;
		};
		BBCA6A352A3C800000C55477 /* Release */ = {
			isa = XCBuildConfiguration;
			buildSettings = {
				ALWAYS_EMBED_SWIFT_STANDARD_LIBRARIES = YES;
				BUNDLE_LOADER = "$(TEST_HOST)";
				CODE_SIGN_STYLE = Automatic;
				CURRENT_PROJECT_VERSION = 1;
				GENERATE_INFOPLIST_FILE = YES;
				IPHONEOS_DEPLOYMENT_TARGET = 16.4;
				MARKETING_VERSION = 1.0;
				PRODUCT_BUNDLE_IDENTIFIER = com.WeatherAppTests;
				PRODUCT_NAME = "$(TARGET_NAME)";
				SWIFT_EMIT_LOC_STRINGS = NO;
				SWIFT_VERSION = 5.0;
				TARGETED_DEVICE_FAMILY = "1,2";
				TEST_HOST = "$(BUILT_PRODUCTS_DIR)/WeatherApp.app/$(BUNDLE_EXECUTABLE_FOLDER_PATH)/WeatherApp";
			};
			name = Release;
		};
		BBCA6A372A3C800000C55477 /* Debug */ = {
			isa = XCBuildConfiguration;
			buildSettings = {
				ALWAYS_EMBED_SWIFT_STANDARD_LIBRARIES = YES;
				CODE_SIGN_STYLE = Automatic;
				CURRENT_PROJECT_VERSION = 1;
				GENERATE_INFOPLIST_FILE = YES;
				MARKETING_VERSION = 1.0;
				PRODUCT_BUNDLE_IDENTIFIER = com.WeatherAppUITests;
				PRODUCT_NAME = "$(TARGET_NAME)";
				SWIFT_EMIT_LOC_STRINGS = NO;
				SWIFT_VERSION = 5.0;
				TARGETED_DEVICE_FAMILY = "1,2";
				TEST_TARGET_NAME = WeatherApp;
			};
			name = Debug;
		};
		BBCA6A382A3C800000C55477 /* Release */ = {
			isa = XCBuildConfiguration;
			buildSettings = {
				ALWAYS_EMBED_SWIFT_STANDARD_LIBRARIES = YES;
				CODE_SIGN_STYLE = Automatic;
				CURRENT_PROJECT_VERSION = 1;
				GENERATE_INFOPLIST_FILE = YES;
				MARKETING_VERSION = 1.0;
				PRODUCT_BUNDLE_IDENTIFIER = com.WeatherAppUITests;
				PRODUCT_NAME = "$(TARGET_NAME)";
				SWIFT_EMIT_LOC_STRINGS = NO;
				SWIFT_VERSION = 5.0;
				TARGETED_DEVICE_FAMILY = "1,2";
				TEST_TARGET_NAME = WeatherApp;
			};
			name = Release;
		};
/* End XCBuildConfiguration section */

/* Begin XCConfigurationList section */
		BBCA6A072A3C7FFE00C55477 /* Build configuration list for PBXProject "WeatherApp" */ = {
			isa = XCConfigurationList;
			buildConfigurations = (
				BBCA6A2E2A3C800000C55477 /* Debug */,
				BBCA6A2F2A3C800000C55477 /* Release */,
			);
			defaultConfigurationIsVisible = 0;
			defaultConfigurationName = Release;
		};
		BBCA6A302A3C800000C55477 /* Build configuration list for PBXNativeTarget "WeatherApp" */ = {
			isa = XCConfigurationList;
			buildConfigurations = (
				BBCA6A312A3C800000C55477 /* Debug */,
				BBCA6A322A3C800000C55477 /* Release */,
			);
			defaultConfigurationIsVisible = 0;
			defaultConfigurationName = Release;
		};
		BBCA6A332A3C800000C55477 /* Build configuration list for PBXNativeTarget "WeatherAppTests" */ = {
			isa = XCConfigurationList;
			buildConfigurations = (
				BBCA6A342A3C800000C55477 /* Debug */,
				BBCA6A352A3C800000C55477 /* Release */,
			);
			defaultConfigurationIsVisible = 0;
			defaultConfigurationName = Release;
		};
		BBCA6A362A3C800000C55477 /* Build configuration list for PBXNativeTarget "WeatherAppUITests" */ = {
			isa = XCConfigurationList;
			buildConfigurations = (
				BBCA6A372A3C800000C55477 /* Debug */,
				BBCA6A382A3C800000C55477 /* Release */,
			);
			defaultConfigurationIsVisible = 0;
			defaultConfigurationName = Release;
		};
/* End XCConfigurationList section */
	};
	rootObject = BBCA6A042A3C7FFE00C55477 /* Project object */;
}
